
Microsoft Visual Studio Solution File, Format Version 12.00
# Visual Studio Version 17
VisualStudioVersion = 17.8.35201.163
MinimumVisualStudioVersion = 10.0.40219.1
Project("{9A19103F-16F7-4668-BE54-9A1E7A4F7556}") = "SK_GettingStarted", "SK_GettingStarted\SK_GettingStarted.csproj", "{C6AA44AB-6DB8-4F56-9A81-EC3F548667D8}"
EndProject
Project("{9A19103F-16F7-4668-BE54-9A1E7A4F7556}") = "SK_FilebasedPlugins", "SK_FilebasedPlugins\SK_FilebasedPlugins.csproj", "{70A8FF3B-BD20-46CD-8F7B-2374B504696D}"
EndProject
Project("{9A19103F-16F7-4668-BE54-9A1E7A4F7556}") = "SK_RAG", "SK_RAG\SK_RAG.csproj", "{EF4D3E3C-E5C3-425B-BFD6-075BC015A4F8}"
EndProject
Project("{9A19103F-16F7-4668-BE54-9A1E7A4F7556}") = "SK_Agents", "SK_Agents\SK_Agents.csproj", "{14B8C79C-7EE6-4E96-84F4-012CB47BDDD2}"
EndProject
Project("{9A19103F-16F7-4668-BE54-9A1E7A4F7556}") = "SK_MultiAgents", "SK_MultiAgents\SK_MultiAgents.csproj", "{15DECEDC-0E6D-48B0-AACB-7C9C73CE562E}"
EndProject
Project("{9A19103F-16F7-4668-BE54-9A1E7A4F7556}") = "SK_AllinOne", "SK_AllinOne\SK_AllinOne.csproj", "{D5951D3A-63D2-4CBC-9369-37BE7515FD76}"
EndProject
Project("{9A19103F-16F7-4668-BE54-9A1E7A4F7556}") = "SK_SemanticMemory", "SK_SemanticMemory\SK_SemanticMemory.csproj", "{A3630C3D-9610-4DE0-976B-857701C47FF9}"
EndProject
Project("{9A19103F-16F7-4668-BE54-9A1E7A4F7556}") = "SK_AgentTroubleshoot", "SK_AgentTroubleshoot\SK_AgentTroubleshoot.csproj", "{1DCD0EA7-5CE3-4909-B975-69BD44424A10}"
EndProject
Project("{FAE04EC0-301F-11D3-BF4B-00C04F79EFBC}") = "SK_RAGOpenAI", "SK_RAGOpenAI\SK_RAGOpenAI.csproj", "{05D8AA89-E7B9-4E70-BEFF-8F8BBE64A303}"
EndProject
Project("{FAE04EC0-301F-11D3-BF4B-00C04F79EFBC}") = "SK_AgentWorkflows", "SK_AgentWorkflows\SK_AgentWorkflows.csproj", "{63C03078-0488-42A3-9A07-143513CAAFC2}"
EndProject
Global
	GlobalSection(SolutionConfigurationPlatforms) = preSolution
		Debug|Any CPU = Debug|Any CPU
		Release|Any CPU = Release|Any CPU
	EndGlobalSection
	GlobalSection(ProjectConfigurationPlatforms) = postSolution
		{C6AA44AB-6DB8-4F56-9A81-EC3F548667D8}.Debug|Any CPU.ActiveCfg = Debug|Any CPU
		{C6AA44AB-6DB8-4F56-9A81-EC3F548667D8}.Debug|Any CPU.Build.0 = Debug|Any CPU
		{C6AA44AB-6DB8-4F56-9A81-EC3F548667D8}.Release|Any CPU.ActiveCfg = Release|Any CPU
		{C6AA44AB-6DB8-4F56-9A81-EC3F548667D8}.Release|Any CPU.Build.0 = Release|Any CPU
		{70A8FF3B-BD20-46CD-8F7B-2374B504696D}.Debug|Any CPU.ActiveCfg = Debug|Any CPU
		{70A8FF3B-BD20-46CD-8F7B-2374B504696D}.Debug|Any CPU.Build.0 = Debug|Any CPU
		{70A8FF3B-BD20-46CD-8F7B-2374B504696D}.Release|Any CPU.ActiveCfg = Release|Any CPU
		{70A8FF3B-BD20-46CD-8F7B-2374B504696D}.Release|Any CPU.Build.0 = Release|Any CPU
		{EF4D3E3C-E5C3-425B-BFD6-075BC015A4F8}.Debug|Any CPU.ActiveCfg = Debug|Any CPU
		{EF4D3E3C-E5C3-425B-BFD6-075BC015A4F8}.Debug|Any CPU.Build.0 = Debug|Any CPU
		{EF4D3E3C-E5C3-425B-BFD6-075BC015A4F8}.Release|Any CPU.ActiveCfg = Release|Any CPU
		{EF4D3E3C-E5C3-425B-BFD6-075BC015A4F8}.Release|Any CPU.Build.0 = Release|Any CPU
		{14B8C79C-7EE6-4E96-84F4-012CB47BDDD2}.Debug|Any CPU.ActiveCfg = Debug|Any CPU
		{14B8C79C-7EE6-4E96-84F4-012CB47BDDD2}.Debug|Any CPU.Build.0 = Debug|Any CPU
		{14B8C79C-7EE6-4E96-84F4-012CB47BDDD2}.Release|Any CPU.ActiveCfg = Release|Any CPU
		{14B8C79C-7EE6-4E96-84F4-012CB47BDDD2}.Release|Any CPU.Build.0 = Release|Any CPU
		{15DECEDC-0E6D-48B0-AACB-7C9C73CE562E}.Debug|Any CPU.ActiveCfg = Debug|Any CPU
		{15DECEDC-0E6D-48B0-AACB-7C9C73CE562E}.Debug|Any CPU.Build.0 = Debug|Any CPU
		{15DECEDC-0E6D-48B0-AACB-7C9C73CE562E}.Release|Any CPU.ActiveCfg = Release|Any CPU
		{15DECEDC-0E6D-48B0-AACB-7C9C73CE562E}.Release|Any CPU.Build.0 = Release|Any CPU
		{D5951D3A-63D2-4CBC-9369-37BE7515FD76}.Debug|Any CPU.ActiveCfg = Debug|Any CPU
		{D5951D3A-63D2-4CBC-9369-37BE7515FD76}.Debug|Any CPU.Build.0 = Debug|Any CPU
		{D5951D3A-63D2-4CBC-9369-37BE7515FD76}.Release|Any CPU.ActiveCfg = Release|Any CPU
		{D5951D3A-63D2-4CBC-9369-37BE7515FD76}.Release|Any CPU.Build.0 = Release|Any CPU
		{A3630C3D-9610-4DE0-976B-857701C47FF9}.Debug|Any CPU.ActiveCfg = Debug|Any CPU
		{A3630C3D-9610-4DE0-976B-857701C47FF9}.Debug|Any CPU.Build.0 = Debug|Any CPU
		{A3630C3D-9610-4DE0-976B-857701C47FF9}.Release|Any CPU.ActiveCfg = Release|Any CPU
		{A3630C3D-9610-4DE0-976B-857701C47FF9}.Release|Any CPU.Build.0 = Release|Any CPU
		{1DCD0EA7-5CE3-4909-B975-69BD44424A10}.Debug|Any CPU.ActiveCfg = Debug|Any CPU
		{1DCD0EA7-5CE3-4909-B975-69BD44424A10}.Debug|Any CPU.Build.0 = Debug|Any CPU
		{1DCD0EA7-5CE3-4909-B975-69BD44424A10}.Release|Any CPU.ActiveCfg = Release|Any CPU
		{1DCD0EA7-5CE3-4909-B975-69BD44424A10}.Release|Any CPU.Build.0 = Release|Any CPU
		{05D8AA89-E7B9-4E70-BEFF-8F8BBE64A303}.Debug|Any CPU.ActiveCfg = Debug|Any CPU
		{05D8AA89-E7B9-4E70-BEFF-8F8BBE64A303}.Debug|Any CPU.Build.0 = Debug|Any CPU
		{05D8AA89-E7B9-4E70-BEFF-8F8BBE64A303}.Release|Any CPU.ActiveCfg = Release|Any CPU
		{05D8AA89-E7B9-4E70-BEFF-8F8BBE64A303}.Release|Any CPU.Build.0 = Release|Any CPU
		{63C03078-0488-42A3-9A07-143513CAAFC2}.Debug|Any CPU.ActiveCfg = Debug|Any CPU
		{63C03078-0488-42A3-9A07-143513CAAFC2}.Debug|Any CPU.Build.0 = Debug|Any CPU
		{63C03078-0488-42A3-9A07-143513CAAFC2}.Release|Any CPU.ActiveCfg = Release|Any CPU
		{63C03078-0488-42A3-9A07-143513CAAFC2}.Release|Any CPU.Build.0 = Release|Any CPU
	EndGlobalSection
	GlobalSection(SolutionProperties) = preSolution
		HideSolutionNode = FALSE
	EndGlobalSection
	GlobalSection(ExtensibilityGlobals) = postSolution
		SolutionGuid = {9C04AD84-0A60-49E2-AEAA-7E503062648F}
	EndGlobalSection
EndGlobal
